// !$*UTF8*$!
{
	archiveVersion = 1;
	classes = {
	};
	objectVersion = 50;
	objects = {

/* Begin PBXBuildFile section */
		221E6ABD23B7883800FBE674 /* AppDelegate.swift in Sources */ = {isa = PBXBuildFile; fileRef = 221E6ABC23B7883800FBE674 /* AppDelegate.swift */; };
		221E6ABF23B7883800FBE674 /* SceneDelegate.swift in Sources */ = {isa = PBXBuildFile; fileRef = 221E6ABE23B7883800FBE674 /* SceneDelegate.swift */; };
		221E6AC123B7883800FBE674 /* ViewController.swift in Sources */ = {isa = PBXBuildFile; fileRef = 221E6AC023B7883800FBE674 /* ViewController.swift */; };
		221E6AC623B7883A00FBE674 /* Assets.xcassets in Resources */ = {isa = PBXBuildFile; fileRef = 221E6AC523B7883A00FBE674 /* Assets.xcassets */; };
		221E6AC923B7883A00FBE674 /* LaunchScreen.storyboard in Resources */ = {isa = PBXBuildFile; fileRef = 221E6AC723B7883A00FBE674 /* LaunchScreen.storyboard */; };
		221E6AD223B78A8800FBE674 /* Todo.swift in Sources */ = {isa = PBXBuildFile; fileRef = 221E6AD123B78A8800FBE674 /* Todo.swift */; };
		22B5D3D623B9A52D00B1325C /* tableView.gif in Resources */ = {isa = PBXBuildFile; fileRef = 22B5D3D523B9A52D00B1325C /* tableView.gif */; };
		22F7DB5D23B8944F00FA872C /* TodoListTableViewCell.swift in Sources */ = {isa = PBXBuildFile; fileRef = 22F7DB5C23B8944F00FA872C /* TodoListTableViewCell.swift */; };
		22F7DB6023B8D82E00FA872C /* DetailTableViewController.swift in Sources */ = {isa = PBXBuildFile; fileRef = 22F7DB5F23B8D82E00FA872C /* DetailTableViewController.swift */; };
/* End PBXBuildFile section */

/* Begin PBXFileReference section */
		221E6ABC23B7883800FBE674 /* AppDelegate.swift */ = {isa = PBXFileReference; lastKnownFileType = sourcecode.swift; path = AppDelegate.swift; sourceTree = "<group>"; };
		221E6ABE23B7883800FBE674 /* SceneDelegate.swift */ = {isa = PBXFileReference; lastKnownFileType = sourcecode.swift; path = SceneDelegate.swift; sourceTree = "<group>"; };
		221E6AC023B7883800FBE674 /* ViewController.swift */ = {isa = PBXFileReference; lastKnownFileType = sourcecode.swift; path = ViewController.swift; sourceTree = "<group>"; };
		221E6AC523B7883A00FBE674 /* Assets.xcassets */ = {isa = PBXFileReference; lastKnownFileType = folder.assetcatalog; path = Assets.xcassets; sourceTree = "<group>"; };
		221E6AC823B7883A00FBE674 /* Base */ = {isa = PBXFileReference; lastKnownFileType = file.storyboard; name = Base; path = Base.lproj/LaunchScreen.storyboard; sourceTree = "<group>"; };
		221E6ACA23B7883A00FBE674 /* Info.plist */ = {isa = PBXFileReference; lastKnownFileType = text.plist.xml; path = Info.plist; sourceTree = "<group>"; };
		221E6AD123B78A8800FBE674 /* Todo.swift */ = {isa = PBXFileReference; lastKnownFileType = sourcecode.swift; path = Todo.swift; sourceTree = "<group>"; };
		22B5D3D523B9A52D00B1325C /* tableView.gif */ = {isa = PBXFileReference; lastKnownFileType = image.gif; name = tableView.gif; path = ../../../tableView.gif; sourceTree = "<group>"; };
		22F7DB5A23B88FE400FA872C /* TodoListApp.app */ = {isa = PBXFileReference; explicitFileType = wrapper.application; includeInIndex = 0; path = TodoListApp.app; sourceTree = BUILT_PRODUCTS_DIR; };
		22F7DB5C23B8944F00FA872C /* TodoListTableViewCell.swift */ = {isa = PBXFileReference; lastKnownFileType = sourcecode.swift; path = TodoListTableViewCell.swift; sourceTree = "<group>"; };
		22F7DB5F23B8D82E00FA872C /* DetailTableViewController.swift */ = {isa = PBXFileReference; lastKnownFileType = sourcecode.swift; path = DetailTableViewController.swift; sourceTree = "<group>"; };
/* End PBXFileReference section */

/* Begin PBXFrameworksBuildPhase section */
		221E6AB623B7883800FBE674 /* Frameworks */ = {
			isa = PBXFrameworksBuildPhase;
			buildActionMask = 2147483647;
			files = (
			);
			runOnlyForDeploymentPostprocessing = 0;
		};
/* End PBXFrameworksBuildPhase section */

/* Begin PBXGroup section */
		221E6AB023B7883800FBE674 = {
			isa = PBXGroup;
			children = (
				22B5D3D523B9A52D00B1325C /* tableView.gif */,
				221E6ABB23B7883800FBE674 /* TodoListApp */,
				22F7DB5A23B88FE400FA872C /* TodoListApp.app */,
			);
			sourceTree = "<group>";
		};
		221E6ABB23B7883800FBE674 /* TodoListApp */ = {
			isa = PBXGroup;
			children = (
				22F7DB5E23B8D80600FA872C /* ViewControllers */,
				22F7DB5B23B8942C00FA872C /* Cells */,
				221E6AD023B78A6C00FBE674 /* Models */,
				221E6ABC23B7883800FBE674 /* AppDelegate.swift */,
				221E6ABE23B7883800FBE674 /* SceneDelegate.swift */,
				221E6AC023B7883800FBE674 /* ViewController.swift */,
				221E6AC523B7883A00FBE674 /* Assets.xcassets */,
				221E6AC723B7883A00FBE674 /* LaunchScreen.storyboard */,
				221E6ACA23B7883A00FBE674 /* Info.plist */,
			);
			path = TodoListApp;
			sourceTree = "<group>";
		};
		221E6AD023B78A6C00FBE674 /* Models */ = {
			isa = PBXGroup;
			children = (
				221E6AD123B78A8800FBE674 /* Todo.swift */,
			);
			path = Models;
			sourceTree = "<group>";
		};
		22F7DB5B23B8942C00FA872C /* Cells */ = {
			isa = PBXGroup;
			children = (
				22F7DB5C23B8944F00FA872C /* TodoListTableViewCell.swift */,
			);
			path = Cells;
			sourceTree = "<group>";
		};
		22F7DB5E23B8D80600FA872C /* ViewControllers */ = {
			isa = PBXGroup;
			children = (
				22F7DB5F23B8D82E00FA872C /* DetailTableViewController.swift */,
			);
			path = ViewControllers;
			sourceTree = "<group>";
		};
/* End PBXGroup section */

/* Begin PBXNativeTarget section */
		221E6AB823B7883800FBE674 /* TodoListApp */ = {
			isa = PBXNativeTarget;
			buildConfigurationList = 221E6ACD23B7883A00FBE674 /* Build configuration list for PBXNativeTarget "TodoListApp" */;
			buildPhases = (
				221E6AB523B7883800FBE674 /* Sources */,
				221E6AB623B7883800FBE674 /* Frameworks */,
				221E6AB723B7883800FBE674 /* Resources */,
			);
			buildRules = (
			);
			dependencies = (
			);
			name = TodoListApp;
			productName = TodoListApp;
			productReference = 22F7DB5A23B88FE400FA872C /* TodoListApp.app */;
			productType = "com.apple.product-type.application";
		};
/* End PBXNativeTarget section */

/* Begin PBXProject section */
		221E6AB123B7883800FBE674 /* Project object */ = {
			isa = PBXProject;
			attributes = {
				LastSwiftUpdateCheck = 1130;
				LastUpgradeCheck = 1130;
				ORGANIZATIONNAME = "Ravi Bastola";
				TargetAttributes = {
					221E6AB823B7883800FBE674 = {
						CreatedOnToolsVersion = 11.3;
					};
				};
			};
			buildConfigurationList = 221E6AB423B7883800FBE674 /* Build configuration list for PBXProject "TodoListApp" */;
			compatibilityVersion = "Xcode 9.3";
			developmentRegion = en;
			hasScannedForEncodings = 0;
			knownRegions = (
				en,
				Base,
			);
			mainGroup = 221E6AB023B7883800FBE674;
			productRefGroup = 221E6AB023B7883800FBE674;
			projectDirPath = "";
			projectRoot = "";
			targets = (
				221E6AB823B7883800FBE674 /* TodoListApp */,
			);
		};
/* End PBXProject section */

/* Begin PBXResourcesBuildPhase section */
		221E6AB723B7883800FBE674 /* Resources */ = {
			isa = PBXResourcesBuildPhase;
			buildActionMask = 2147483647;
			files = (
				221E6AC923B7883A00FBE674 /* LaunchScreen.storyboard in Resources */,
				221E6AC623B7883A00FBE674 /* Assets.xcassets in Resources */,
				22B5D3D623B9A52D00B1325C /* tableView.gif in Resources */,
			);
			runOnlyForDeploymentPostprocessing = 0;
		};
/* End PBXResourcesBuildPhase section */

/* Begin PBXSourcesBuildPhase section */
		221E6AB523B7883800FBE674 /* Sources */ = {
			isa = PBXSourcesBuildPhase;
			buildActionMask = 2147483647;
			files = (
				22F7DB6023B8D82E00FA872C /* DetailTableViewController.swift in Sources */,
				221E6AC123B7883800FBE674 /* ViewController.swift in Sources */,
				221E6ABD23B7883800FBE674 /* AppDelegate.swift in Sources */,
				221E6ABF23B7883800FBE674 /* SceneDelegate.swift in Sources */,
				22F7DB5D23B8944F00FA872C /* TodoListTableViewCell.swift in Sources */,
				221E6AD223B78A8800FBE674 /* Todo.swift in Sources */,
			);
			runOnlyForDeploymentPostprocessing = 0;
		};
/* End PBXSourcesBuildPhase section */

/* Begin PBXVariantGroup section */
		221E6AC723B7883A00FBE674 /* LaunchScreen.storyboard */ = {
			isa = PBXVariantGroup;
			children = (
				221E6AC823B7883A00FBE674 /* Base */,
			);
			name = LaunchScreen.storyboard;
			sourceTree = "<group>";
		};
/* End PBXVariantGroup section */

/* Begin XCBuildConfiguration section */
		221E6ACB23B7883A00FBE674 /* Debug */ = {
			isa = XCBuildConfiguration;
			buildSettings = {
				ALWAYS_SEARCH_USER_PATHS = NO;
				CLANG_ANALYZER_NONNULL = YES;
				CLANG_ANALYZER_NUMBER_OBJECT_CONVERSION = YES_AGGRESSIVE;
				CLANG_CXX_LANGUAGE_STANDARD = "gnu++14";
				CLANG_CXX_LIBRARY = "libc++";
				CLANG_ENABLE_MODULES = YES;
				CLANG_ENABLE_OBJC_ARC = YES;
				CLANG_ENABLE_OBJC_WEAK = YES;
				CLANG_WARN_BLOCK_CAPTURE_AUTORELEASING = YES;
				CLANG_WARN_BOOL_CONVERSION = YES;
				CLANG_WARN_COMMA = YES;
				CLANG_WARN_CONSTANT_CONVERSION = YES;
				CLANG_WARN_DEPRECATED_OBJC_IMPLEMENTATIONS = YES;
				CLANG_WARN_DIRECT_OBJC_ISA_USAGE = YES_ERROR;
				CLANG_WARN_DOCUMENTATION_COMMENTS = YES;
				CLANG_WARN_EMPTY_BODY = YES;
				CLANG_WARN_ENUM_CONVERSION = YES;
				CLANG_WARN_INFINITE_RECURSION = YES;
				CLANG_WARN_INT_CONVERSION = YES;
				CLANG_WARN_NON_LITERAL_NULL_CONVERSION = YES;
				CLANG_WARN_OBJC_IMPLICIT_RETAIN_SELF = YES;
				CLANG_WARN_OBJC_LITERAL_CONVERSION = YES;
				CLANG_WARN_OBJC_ROOT_CLASS = YES_ERROR;
				CLANG_WARN_RANGE_LOOP_ANALYSIS = YES;
				CLANG_WARN_STRICT_PROTOTYPES = YES;
				CLANG_WARN_SUSPICIOUS_MOVE = YES;
				CLANG_WARN_UNGUARDED_AVAILABILITY = YES_AGGRESSIVE;
				CLANG_WARN_UNREACHABLE_CODE = YES;
				CLANG_WARN__DUPLICATE_METHOD_MATCH = YES;
				COPY_PHASE_STRIP = NO;
				DEBUG_INFORMATION_FORMAT = dwarf;
				ENABLE_STRICT_OBJC_MSGSEND = YES;
				ENABLE_TESTABILITY = YES;
				GCC_C_LANGUAGE_STANDARD = gnu11;
				GCC_DYNAMIC_NO_PIC = NO;
				GCC_NO_COMMON_BLOCKS = YES;
				GCC_OPTIMIZATION_LEVEL = 0;
				GCC_PREPROCESSOR_DEFINITIONS = (
					"DEBUG=1",
					"$(inherited)",
				);
				GCC_WARN_64_TO_32_BIT_CONVERSION = YES;
				GCC_WARN_ABOUT_RETURN_TYPE = YES_ERROR;
				GCC_WARN_UNDECLARED_SELECTOR = YES;
				GCC_WARN_UNINITIALIZED_AUTOS = YES_AGGRESSIVE;
				GCC_WARN_UNUSED_FUNCTION = YES;
				GCC_WARN_UNUSED_VARIABLE = YES;
				IPHONEOS_DEPLOYMENT_TARGET = 13.2;
				MTL_ENABLE_DEBUG_INFO = INCLUDE_SOURCE;
				MTL_FAST_MATH = YES;
				ONLY_ACTIVE_ARCH = YES;
				SDKROOT = iphoneos;
				SWIFT_ACTIVE_COMPILATION_CONDITIONS = DEBUG;
				SWIFT_OPTIMIZATION_LEVEL = "-Onone";
			};
			name = Debug;
		};
		221E6ACC23B7883A00FBE674 /* Release */ = {
			isa = XCBuildConfiguration;
			buildSettings = {
				ALWAYS_SEARCH_USER_PATHS = NO;
				CLANG_ANALYZER_NONNULL = YES;
				CLANG_ANALYZER_NUMBER_OBJECT_CONVERSION = YES_AGGRESSIVE;
				CLANG_CXX_LANGUAGE_STANDARD = "gnu++14";
				CLANG_CXX_LIBRARY = "libc++";
				CLANG_ENABLE_MODULES = YES;
				CLANG_ENABLE_OBJC_ARC = YES;
				CLANG_ENABLE_OBJC_WEAK = YES;
				CLANG_WARN_BLOCK_CAPTURE_AUTORELEASING = YES;
				CLANG_WARN_BOOL_CONVERSION = YES;
				CLANG_WARN_COMMA = YES;
				CLANG_WARN_CONSTANT_CONVERSION = YES;
				CLANG_WARN_DEPRECATED_OBJC_IMPLEMENTATIONS = YES;
				CLANG_WARN_DIRECT_OBJC_ISA_USAGE = YES_ERROR;
				CLANG_WARN_DOCUMENTATION_COMMENTS = YES;
				CLANG_WARN_EMPTY_BODY = YES;
				CLANG_WARN_ENUM_CONVERSION = YES;
				CLANG_WARN_INFINITE_RECURSION = YES;
				CLANG_WARN_INT_CONVERSION = YES;
				CLANG_WARN_NON_LITERAL_NULL_CONVERSION = YES;
				CLANG_WARN_OBJC_IMPLICIT_RETAIN_SELF = YES;
				CLANG_WARN_OBJC_LITERAL_CONVERSION = YES;
				CLANG_WARN_OBJC_ROOT_CLASS = YES_ERROR;
				CLANG_WARN_RANGE_LOOP_ANALYSIS = YES;
				CLANG_WARN_STRICT_PROTOTYPES = YES;
				CLANG_WARN_SUSPICIOUS_MOVE = YES;
				CLANG_WARN_UNGUARDED_AVAILABILITY = YES_AGGRESSIVE;
				CLANG_WARN_UNREACHABLE_CODE = YES;
				CLANG_WARN__DUPLICATE_METHOD_MATCH = YES;
				COPY_PHASE_STRIP = NO;
				DEBUG_INFORMATION_FORMAT = "dwarf-with-dsym";
				ENABLE_NS_ASSERTIONS = NO;
				ENABLE_STRICT_OBJC_MSGSEND = YES;
				GCC_C_LANGUAGE_STANDARD = gnu11;
				GCC_NO_COMMON_BLOCKS = YES;
				GCC_WARN_64_TO_32_BIT_CONVERSION = YES;
				GCC_WARN_ABOUT_RETURN_TYPE = YES_ERROR;
				GCC_WARN_UNDECLARED_SELECTOR = YES;
				GCC_WARN_UNINITIALIZED_AUTOS = YES_AGGRESSIVE;
				GCC_WARN_UNUSED_FUNCTION = YES;
				GCC_WARN_UNUSED_VARIABLE = YES;
				IPHONEOS_DEPLOYMENT_TARGET = 13.2;
				MTL_ENABLE_DEBUG_INFO = NO;
				MTL_FAST_MATH = YES;
				SDKROOT = iphoneos;
				SWIFT_COMPILATION_MODE = wholemodule;
				SWIFT_OPTIMIZATION_LEVEL = "-O";
				VALIDATE_PRODUCT = YES;
			};
			name = Release;
		};
		221E6ACE23B7883A00FBE674 /* Debug */ = {
			isa = XCBuildConfiguration;
			buildSettings = {
				ASSETCATALOG_COMPILER_APPICON_NAME = AppIcon;
				CODE_SIGN_STYLE = Automatic;
				INFOPLIST_FILE = TodoListApp/Info.plist;
				LD_RUNPATH_SEARCH_PATHS = (
					"$(inherited)",
					"@executable_path/Frameworks",
				);
				PRODUCT_BUNDLE_IDENTIFIER = training.TodoListApp;
				PRODUCT_NAME = "$(TARGET_NAME)";
				SWIFT_VERSION = 5.0;
				TARGETED_DEVICE_FAMILY = "1,2";
			};
			name = Debug;
		};
		221E6ACF23B7883A00FBE674 /* Release */ = {
			isa = XCBuildConfiguration;
			buildSettings = {
				ASSETCATALOG_COMPILER_APPICON_NAME = AppIcon;
				CODE_SIGN_STYLE = Automatic;
				INFOPLIST_FILE = TodoListApp/Info.plist;
				LD_RUNPATH_SEARCH_PATHS = (
					"$(inherited)",
					"@executable_path/Frameworks",
				);
				PRODUCT_BUNDLE_IDENTIFIER = training.TodoListApp;
				PRODUCT_NAME = "$(TARGET_NAME)";
				SWIFT_VERSION = 5.0;
				TARGETED_DEVICE_FAMILY = "1,2";
			};
			name = Release;
		};
/* End XCBuildConfiguration section */

/* Begin XCConfigurationList section */
		221E6AB423B7883800FBE674 /* Build configuration list for PBXProject "TodoListApp" */ = {
			isa = XCConfigurationList;
			buildConfigurations = (
				221E6ACB23B7883A00FBE674 /* Debug */,
				221E6ACC23B7883A00FBE674 /* Release */,
			);
			defaultConfigurationIsVisible = 0;
			defaultConfigurationName = Release;
		};
		221E6ACD23B7883A00FBE674 /* Build configuration list for PBXNativeTarget "TodoListApp" */ = {
			isa = XCConfigurationList;
			buildConfigurations = (
				221E6ACE23B7883A00FBE674 /* Debug */,
				221E6ACF23B7883A00FBE674 /* Release */,
			);
			defaultConfigurationIsVisible = 0;
			defaultConfigurationName = Release;
		};
/* End XCConfigurationList section */
	};
	rootObject = 221E6AB123B7883800FBE674 /* Project object */;
}
